
Microsoft Visual Studio Solution File, Format Version 12.00
# Visual Studio 15
VisualStudioVersion = 15.0.28010.2026
MinimumVisualStudioVersion = 10.0.40219.1
Project("{9A19103F-16F7-4668-BE54-9A1E7A4F7556}") = "VolundReactRedux", "VolundReactRedux.csproj", "{FC6BF41C-3129-4180-AE58-50ACAC3BE021}"
EndProject
Global
	GlobalSection(SolutionConfigurationPlatforms) = preSolution
		Debug|Any CPU = Debug|Any CPU
		Release|Any CPU = Release|Any CPU
	EndGlobalSection
	GlobalSection(ProjectConfigurationPlatforms) = postSolution
		{FC6BF41C-3129-4180-AE58-50ACAC3BE021}.Debug|Any CPU.ActiveCfg = Debug|Any CPU
		{FC6BF41C-3129-4180-AE58-50ACAC3BE021}.Debug|Any CPU.Build.0 = Debug|Any CPU
		{FC6BF41C-3129-4180-AE58-50ACAC3BE021}.Release|Any CPU.ActiveCfg = Release|Any CPU
		{FC6BF41C-3129-4180-AE58-50ACAC3BE021}.Release|Any CPU.Build.0 = Release|Any CPU
	EndGlobalSection
	GlobalSection(SolutionProperties) = preSolution
		HideSolutionNode = FALSE
	EndGlobalSection
	GlobalSection(ExtensibilityGlobals) = postSolution
		SolutionGuid = {F08CBC44-446E-4154-9CBC-2490C3564C27}
	EndGlobalSection
EndGlobal
