
Microsoft Visual Studio Solution File, Format Version 12.00
# Visual Studio 15
VisualStudioVersion = 15.0.28010.2026
MinimumVisualStudioVersion = 10.0.40219.1
Project("{9A19103F-16F7-4668-BE54-9A1E7A4F7556}") = "VolundGameStudioWebsite", "VolundGameStudioWebsite.csproj", "{A34BC29B-9973-4930-9CF7-F34C49883FD3}"
EndProject
Global
	GlobalSection(SolutionConfigurationPlatforms) = preSolution
		Debug|Any CPU = Debug|Any CPU
		Release|Any CPU = Release|Any CPU
	EndGlobalSection
	GlobalSection(ProjectConfigurationPlatforms) = postSolution
		{A34BC29B-9973-4930-9CF7-F34C49883FD3}.Debug|Any CPU.ActiveCfg = Debug|Any CPU
		{A34BC29B-9973-4930-9CF7-F34C49883FD3}.Debug|Any CPU.Build.0 = Debug|Any CPU
		{A34BC29B-9973-4930-9CF7-F34C49883FD3}.Release|Any CPU.ActiveCfg = Release|Any CPU
		{A34BC29B-9973-4930-9CF7-F34C49883FD3}.Release|Any CPU.Build.0 = Release|Any CPU
	EndGlobalSection
	GlobalSection(SolutionProperties) = preSolution
		HideSolutionNode = FALSE
	EndGlobalSection
	GlobalSection(ExtensibilityGlobals) = postSolution
		SolutionGuid = {50B18CCF-F392-4096-AE04-0BBA879B9B20}
	EndGlobalSection
EndGlobal
