
Microsoft Visual Studio Solution File, Format Version 12.00
# Visual Studio 15
VisualStudioVersion = 15.0.28010.2026
MinimumVisualStudioVersion = 10.0.40219.1
Project("{9A19103F-16F7-4668-BE54-9A1E7A4F7556}") = "PersonalWebsite", "PersonalWebsite.csproj", "{AD59F0B0-5E34-4C2E-8CD7-08116AB9791B}"
EndProject
Global
	GlobalSection(SolutionConfigurationPlatforms) = preSolution
		Debug|Any CPU = Debug|Any CPU
		Release|Any CPU = Release|Any CPU
	EndGlobalSection
	GlobalSection(ProjectConfigurationPlatforms) = postSolution
		{AD59F0B0-5E34-4C2E-8CD7-08116AB9791B}.Debug|Any CPU.ActiveCfg = Debug|Any CPU
		{AD59F0B0-5E34-4C2E-8CD7-08116AB9791B}.Debug|Any CPU.Build.0 = Debug|Any CPU
		{AD59F0B0-5E34-4C2E-8CD7-08116AB9791B}.Release|Any CPU.ActiveCfg = Release|Any CPU
		{AD59F0B0-5E34-4C2E-8CD7-08116AB9791B}.Release|Any CPU.Build.0 = Release|Any CPU
	EndGlobalSection
	GlobalSection(SolutionProperties) = preSolution
		HideSolutionNode = FALSE
	EndGlobalSection
	GlobalSection(ExtensibilityGlobals) = postSolution
		SolutionGuid = {70924538-473E-4014-AB92-FCE26870CB59}
	EndGlobalSection
EndGlobal
